
Microsoft Visual Studio Solution File, Format Version 12.00
# Visual Studio 15
VisualStudioVersion = 15.0.28307.329
MinimumVisualStudioVersion = 10.0.40219.1
Project("{FAE04EC0-301F-11D3-BF4B-00C04F79EFBC}") = "Portfolio@Jimmy", "Portfolio@Jimmy\Portfolio@Jimmy.csproj", "{F850CE2A-29FF-4532-9357-4EDA90F4D326}"
EndProject
Global
	GlobalSection(SolutionConfigurationPlatforms) = preSolution
		Debug|Any CPU = Debug|Any CPU
		Release|Any CPU = Release|Any CPU
	EndGlobalSection
	GlobalSection(ProjectConfigurationPlatforms) = postSolution
		{F850CE2A-29FF-4532-9357-4EDA90F4D326}.Debug|Any CPU.ActiveCfg = Debug|Any CPU
		{F850CE2A-29FF-4532-9357-4EDA90F4D326}.Debug|Any CPU.Build.0 = Debug|Any CPU
		{F850CE2A-29FF-4532-9357-4EDA90F4D326}.Release|Any CPU.ActiveCfg = Release|Any CPU
		{F850CE2A-29FF-4532-9357-4EDA90F4D326}.Release|Any CPU.Build.0 = Release|Any CPU
	EndGlobalSection
	GlobalSection(SolutionProperties) = preSolution
		HideSolutionNode = FALSE
	EndGlobalSection
	GlobalSection(ExtensibilityGlobals) = postSolution
		SolutionGuid = {6F748E92-9FEE-44C0-99AF-3734816D3AAC}
	EndGlobalSection
EndGlobal
